# This file is automatically @generated by Wally.
# It is not intended for manual editing.
registry = "test"

[[package]]
name = "evaera/promise"
version = "4.0.0"
dependencies = []

[[package]]
name = "metabuzz17/robloxscript"
version = "0.1.0"
dependencies = [["Input", "sleitnick/input@2.1.1"], ["Knit", "sleitnick/knit@1.5.3"], ["Signal", "sleitnick/signal@1.5.0"], ["Timer", "sleitnick/timer@1.1.2"], ["roact", "roblox/roact@1.4.4"]]

[[package]]
name = "roblox/roact"
version = "1.4.4"
dependencies = []

[[package]]
name = "sleitnick/comm"
version = "0.3.2"
dependencies = [["Option", "sleitnick/option@1.0.4"], ["Promise", "evaera/promise@4.0.0"], ["Signal", "sleitnick/signal@1.5.0"]]

[[package]]
name = "sleitnick/input"
version = "2.1.1"
dependencies = [["Signal", "sleitnick/signal@1.5.0"], ["Trove", "sleitnick/trove@0.4.2"]]

[[package]]
name = "sleitnick/knit"
version = "1.5.3"
dependencies = [["Comm", "sleitnick/comm@0.3.2"], ["Promise", "evaera/promise@4.0.0"]]

[[package]]
name = "sleitnick/option"
version = "1.0.4"
dependencies = []

[[package]]
name = "sleitnick/signal"
version = "1.5.0"
dependencies = []

[[package]]
name = "sleitnick/timer"
version = "1.1.2"
dependencies = [["Signal", "sleitnick/signal@1.5.0"]]

[[package]]
name = "sleitnick/trove"
version = "0.4.2"
dependencies = []
